
Microsoft Visual Studio Solution File, Format Version 12.00
# Visual Studio 15
VisualStudioVersion = 15.0.28010.2026
MinimumVisualStudioVersion = 10.0.40219.1
Project("{FAE04EC0-301F-11D3-BF4B-00C04F79EFBC}") = "NoteAppUI", "NoteAppUI\NoteAppUI.csproj", "{55DB7A47-C0A3-415D-8AEA-082A50CEB21D}"
EndProject
Project("{FAE04EC0-301F-11D3-BF4B-00C04F79EFBC}") = "NoteApp", "NoteApp\NoteApp.csproj", "{6C22065A-50DC-45D2-9865-993370560A77}"
EndProject
Global
	GlobalSection(SolutionConfigurationPlatforms) = preSolution
		Debug|Any CPU = Debug|Any CPU
		Release|Any CPU = Release|Any CPU
	EndGlobalSection
	GlobalSection(ProjectConfigurationPlatforms) = postSolution
		{55DB7A47-C0A3-415D-8AEA-082A50CEB21D}.Debug|Any CPU.ActiveCfg = Debug|Any CPU
		{55DB7A47-C0A3-415D-8AEA-082A50CEB21D}.Debug|Any CPU.Build.0 = Debug|Any CPU
		{55DB7A47-C0A3-415D-8AEA-082A50CEB21D}.Release|Any CPU.ActiveCfg = Release|Any CPU
		{55DB7A47-C0A3-415D-8AEA-082A50CEB21D}.Release|Any CPU.Build.0 = Release|Any CPU
		{6C22065A-50DC-45D2-9865-993370560A77}.Debug|Any CPU.ActiveCfg = Debug|Any CPU
		{6C22065A-50DC-45D2-9865-993370560A77}.Debug|Any CPU.Build.0 = Debug|Any CPU
		{6C22065A-50DC-45D2-9865-993370560A77}.Release|Any CPU.ActiveCfg = Release|Any CPU
		{6C22065A-50DC-45D2-9865-993370560A77}.Release|Any CPU.Build.0 = Release|Any CPU
	EndGlobalSection
	GlobalSection(SolutionProperties) = preSolution
		HideSolutionNode = FALSE
	EndGlobalSection
	GlobalSection(ExtensibilityGlobals) = postSolution
		SolutionGuid = {9F3EDD71-FA47-4521-B470-64E31F3692FD}
	EndGlobalSection
EndGlobal
